// !$*UTF8*$!
{
	archiveVersion = 1;
	classes = {
	};
	objectVersion = 50;
	objects = {

/* Begin PBXBuildFile section */
		3F247DFD2D386BA80E8845E5 /* Pods_Omni_iOS.framework in Frameworks */ = {isa = PBXBuildFile; fileRef = E0952F5E583351901E5A3CB5 /* Pods_Omni_iOS.framework */; };
		64452BBF22B95C96002D0BF1 /* AppDelegate.swift in Sources */ = {isa = PBXBuildFile; fileRef = 64452BBE22B95C96002D0BF1 /* AppDelegate.swift */; };
		64452BC122B95C96002D0BF1 /* ViewController.swift in Sources */ = {isa = PBXBuildFile; fileRef = 64452BC022B95C96002D0BF1 /* ViewController.swift */; };
		64452BC622B95C98002D0BF1 /* Assets.xcassets in Resources */ = {isa = PBXBuildFile; fileRef = 64452BC522B95C98002D0BF1 /* Assets.xcassets */; };
		64452BC922B95C98002D0BF1 /* LaunchScreen.storyboard in Resources */ = {isa = PBXBuildFile; fileRef = 64452BC722B95C98002D0BF1 /* LaunchScreen.storyboard */; };
		64452BD122B987DC002D0BF1 /* Constraints.swift in Sources */ = {isa = PBXBuildFile; fileRef = 64452BD022B987DC002D0BF1 /* Constraints.swift */; };
		64949F3922BA81C900739E59 /* CryptoModel.swift in Sources */ = {isa = PBXBuildFile; fileRef = 64949F3822BA81C900739E59 /* CryptoModel.swift */; };
		64949F3B22BA8E1800739E59 /* Cell.swift in Sources */ = {isa = PBXBuildFile; fileRef = 64949F3A22BA8E1800739E59 /* Cell.swift */; };
/* End PBXBuildFile section */

/* Begin PBXFileReference section */
		2098E816F0821AB8F25EDD53 /* Pods-Omni-iOS.release.xcconfig */ = {isa = PBXFileReference; includeInIndex = 1; lastKnownFileType = text.xcconfig; name = "Pods-Omni-iOS.release.xcconfig"; path = "Pods/Target Support Files/Pods-Omni-iOS/Pods-Omni-iOS.release.xcconfig"; sourceTree = "<group>"; };
		64452BBB22B95C96002D0BF1 /* Omni-iOS.app */ = {isa = PBXFileReference; explicitFileType = wrapper.application; includeInIndex = 0; path = "Omni-iOS.app"; sourceTree = BUILT_PRODUCTS_DIR; };
		64452BBE22B95C96002D0BF1 /* AppDelegate.swift */ = {isa = PBXFileReference; lastKnownFileType = sourcecode.swift; path = AppDelegate.swift; sourceTree = "<group>"; };
		64452BC022B95C96002D0BF1 /* ViewController.swift */ = {isa = PBXFileReference; lastKnownFileType = sourcecode.swift; path = ViewController.swift; sourceTree = "<group>"; };
		64452BC522B95C98002D0BF1 /* Assets.xcassets */ = {isa = PBXFileReference; lastKnownFileType = folder.assetcatalog; path = Assets.xcassets; sourceTree = "<group>"; };
		64452BC822B95C98002D0BF1 /* Base */ = {isa = PBXFileReference; lastKnownFileType = file.storyboard; name = Base; path = Base.lproj/LaunchScreen.storyboard; sourceTree = "<group>"; };
		64452BCA22B95C98002D0BF1 /* Info.plist */ = {isa = PBXFileReference; lastKnownFileType = text.plist.xml; path = Info.plist; sourceTree = "<group>"; };
		64452BD022B987DC002D0BF1 /* Constraints.swift */ = {isa = PBXFileReference; lastKnownFileType = sourcecode.swift; path = Constraints.swift; sourceTree = "<group>"; };
		64949F3822BA81C900739E59 /* CryptoModel.swift */ = {isa = PBXFileReference; lastKnownFileType = sourcecode.swift; path = CryptoModel.swift; sourceTree = "<group>"; };
		64949F3A22BA8E1800739E59 /* Cell.swift */ = {isa = PBXFileReference; lastKnownFileType = sourcecode.swift; path = Cell.swift; sourceTree = "<group>"; };
		AFAB97DFAA342E19AA50E5A8 /* Pods-Omni-iOS.debug.xcconfig */ = {isa = PBXFileReference; includeInIndex = 1; lastKnownFileType = text.xcconfig; name = "Pods-Omni-iOS.debug.xcconfig"; path = "Pods/Target Support Files/Pods-Omni-iOS/Pods-Omni-iOS.debug.xcconfig"; sourceTree = "<group>"; };
		E0952F5E583351901E5A3CB5 /* Pods_Omni_iOS.framework */ = {isa = PBXFileReference; explicitFileType = wrapper.framework; includeInIndex = 0; path = Pods_Omni_iOS.framework; sourceTree = BUILT_PRODUCTS_DIR; };
/* End PBXFileReference section */

/* Begin PBXFrameworksBuildPhase section */
		64452BB822B95C96002D0BF1 /* Frameworks */ = {
			isa = PBXFrameworksBuildPhase;
			buildActionMask = 2147483647;
			files = (
				3F247DFD2D386BA80E8845E5 /* Pods_Omni_iOS.framework in Frameworks */,
			);
			runOnlyForDeploymentPostprocessing = 0;
		};
/* End PBXFrameworksBuildPhase section */

/* Begin PBXGroup section */
		64452BB222B95C96002D0BF1 = {
			isa = PBXGroup;
			children = (
				64452BBD22B95C96002D0BF1 /* Omni-iOS */,
				64452BBC22B95C96002D0BF1 /* Products */,
				EDFAEF5352CD86B9A1E6666B /* Pods */,
				78343247850E69307D4691CA /* Frameworks */,
			);
			sourceTree = "<group>";
		};
		64452BBC22B95C96002D0BF1 /* Products */ = {
			isa = PBXGroup;
			children = (
				64452BBB22B95C96002D0BF1 /* Omni-iOS.app */,
			);
			name = Products;
			sourceTree = "<group>";
		};
		64452BBD22B95C96002D0BF1 /* Omni-iOS */ = {
			isa = PBXGroup;
			children = (
				64452BBE22B95C96002D0BF1 /* AppDelegate.swift */,
				64452BC022B95C96002D0BF1 /* ViewController.swift */,
				64949F3A22BA8E1800739E59 /* Cell.swift */,
				64452BD222B987E6002D0BF1 /* Extensions */,
				64949F3722BA818100739E59 /* Models */,
				64452BC522B95C98002D0BF1 /* Assets.xcassets */,
				64452BC722B95C98002D0BF1 /* LaunchScreen.storyboard */,
				64452BCA22B95C98002D0BF1 /* Info.plist */,
			);
			path = "Omni-iOS";
			sourceTree = "<group>";
		};
		64452BD222B987E6002D0BF1 /* Extensions */ = {
			isa = PBXGroup;
			children = (
				64452BD022B987DC002D0BF1 /* Constraints.swift */,
			);
			path = Extensions;
			sourceTree = "<group>";
		};
		64949F3722BA818100739E59 /* Models */ = {
			isa = PBXGroup;
			children = (
				64949F3822BA81C900739E59 /* CryptoModel.swift */,
			);
			path = Models;
			sourceTree = "<group>";
		};
		78343247850E69307D4691CA /* Frameworks */ = {
			isa = PBXGroup;
			children = (
				E0952F5E583351901E5A3CB5 /* Pods_Omni_iOS.framework */,
			);
			name = Frameworks;
			sourceTree = "<group>";
		};
		EDFAEF5352CD86B9A1E6666B /* Pods */ = {
			isa = PBXGroup;
			children = (
				AFAB97DFAA342E19AA50E5A8 /* Pods-Omni-iOS.debug.xcconfig */,
				2098E816F0821AB8F25EDD53 /* Pods-Omni-iOS.release.xcconfig */,
			);
			name = Pods;
			sourceTree = "<group>";
		};
/* End PBXGroup section */

/* Begin PBXNativeTarget section */
		64452BBA22B95C96002D0BF1 /* Omni-iOS */ = {
			isa = PBXNativeTarget;
			buildConfigurationList = 64452BCD22B95C98002D0BF1 /* Build configuration list for PBXNativeTarget "Omni-iOS" */;
			buildPhases = (
				E310F5E0502D1F48E494FD05 /* [CP] Check Pods Manifest.lock */,
				64452BB722B95C96002D0BF1 /* Sources */,
				64452BB822B95C96002D0BF1 /* Frameworks */,
				64452BB922B95C96002D0BF1 /* Resources */,
				FD617E2E0ED423418B8448E3 /* [CP] Embed Pods Frameworks */,
				EE6E43129018831ED3BE7470 /* [CP] Copy Pods Resources */,
			);
			buildRules = (
			);
			dependencies = (
			);
			name = "Omni-iOS";
			productName = "Omni-iOS";
			productReference = 64452BBB22B95C96002D0BF1 /* Omni-iOS.app */;
			productType = "com.apple.product-type.application";
		};
/* End PBXNativeTarget section */

/* Begin PBXProject section */
		64452BB322B95C96002D0BF1 /* Project object */ = {
			isa = PBXProject;
			attributes = {
				LastSwiftUpdateCheck = 1020;
				LastUpgradeCheck = 1020;
				ORGANIZATIONNAME = Matic;
				TargetAttributes = {
					64452BBA22B95C96002D0BF1 = {
						CreatedOnToolsVersion = 10.2.1;
					};
				};
			};
			buildConfigurationList = 64452BB622B95C96002D0BF1 /* Build configuration list for PBXProject "Omni-iOS" */;
			compatibilityVersion = "Xcode 9.3";
			developmentRegion = en;
			hasScannedForEncodings = 0;
			knownRegions = (
				en,
				Base,
			);
			mainGroup = 64452BB222B95C96002D0BF1;
			productRefGroup = 64452BBC22B95C96002D0BF1 /* Products */;
			projectDirPath = "";
			projectRoot = "";
			targets = (
				64452BBA22B95C96002D0BF1 /* Omni-iOS */,
			);
		};
/* End PBXProject section */

/* Begin PBXResourcesBuildPhase section */
		64452BB922B95C96002D0BF1 /* Resources */ = {
			isa = PBXResourcesBuildPhase;
			buildActionMask = 2147483647;
			files = (
				64452BC922B95C98002D0BF1 /* LaunchScreen.storyboard in Resources */,
				64452BC622B95C98002D0BF1 /* Assets.xcassets in Resources */,
			);
			runOnlyForDeploymentPostprocessing = 0;
		};
/* End PBXResourcesBuildPhase section */

/* Begin PBXShellScriptBuildPhase section */
		E310F5E0502D1F48E494FD05 /* [CP] Check Pods Manifest.lock */ = {
			isa = PBXShellScriptBuildPhase;
			buildActionMask = 2147483647;
			files = (
			);
			inputPaths = (
				"${PODS_PODFILE_DIR_PATH}/Podfile.lock",
				"${PODS_ROOT}/Manifest.lock",
			);
			name = "[CP] Check Pods Manifest.lock";
			outputPaths = (
				"$(DERIVED_FILE_DIR)/Pods-Omni-iOS-checkManifestLockResult.txt",
			);
			runOnlyForDeploymentPostprocessing = 0;
			shellPath = /bin/sh;
			shellScript = "diff \"${PODS_PODFILE_DIR_PATH}/Podfile.lock\" \"${PODS_ROOT}/Manifest.lock\" > /dev/null\nif [ $? != 0 ] ; then\n    # print error to STDERR\n    echo \"error: The sandbox is not in sync with the Podfile.lock. Run 'pod install' or update your CocoaPods installation.\" >&2\n    exit 1\nfi\n# This output is used by Xcode 'outputs' to avoid re-running this script phase.\necho \"SUCCESS\" > \"${SCRIPT_OUTPUT_FILE_0}\"\n";
			showEnvVarsInLog = 0;
		};
		EE6E43129018831ED3BE7470 /* [CP] Copy Pods Resources */ = {
			isa = PBXShellScriptBuildPhase;
			buildActionMask = 2147483647;
			files = (
			);
			inputPaths = (
			);
			name = "[CP] Copy Pods Resources";
			outputPaths = (
			);
			runOnlyForDeploymentPostprocessing = 0;
			shellPath = /bin/sh;
			shellScript = "\"${SRCROOT}/Pods/Target Support Files/Pods-Omni-iOS/Pods-Omni-iOS-resources.sh\"\n";
			showEnvVarsInLog = 0;
		};
		FD617E2E0ED423418B8448E3 /* [CP] Embed Pods Frameworks */ = {
			isa = PBXShellScriptBuildPhase;
			buildActionMask = 2147483647;
			files = (
			);
			inputPaths = (
				"${SRCROOT}/Pods/Target Support Files/Pods-Omni-iOS/Pods-Omni-iOS-frameworks.sh",
				"${BUILT_PRODUCTS_DIR}/Cards/Cards.framework",
				"${BUILT_PRODUCTS_DIR}/Player/Player.framework",
				"${BUILT_PRODUCTS_DIR}/SDWebImage/SDWebImage.framework",
			);
			name = "[CP] Embed Pods Frameworks";
			outputPaths = (
				"${TARGET_BUILD_DIR}/${FRAMEWORKS_FOLDER_PATH}/Cards.framework",
				"${TARGET_BUILD_DIR}/${FRAMEWORKS_FOLDER_PATH}/Player.framework",
				"${TARGET_BUILD_DIR}/${FRAMEWORKS_FOLDER_PATH}/SDWebImage.framework",
			);
			runOnlyForDeploymentPostprocessing = 0;
			shellPath = /bin/sh;
			shellScript = "\"${SRCROOT}/Pods/Target Support Files/Pods-Omni-iOS/Pods-Omni-iOS-frameworks.sh\"\n";
			showEnvVarsInLog = 0;
		};
/* End PBXShellScriptBuildPhase section */

/* Begin PBXSourcesBuildPhase section */
		64452BB722B95C96002D0BF1 /* Sources */ = {
			isa = PBXSourcesBuildPhase;
			buildActionMask = 2147483647;
			files = (
				64452BC122B95C96002D0BF1 /* ViewController.swift in Sources */,
				64452BD122B987DC002D0BF1 /* Constraints.swift in Sources */,
				64949F3B22BA8E1800739E59 /* Cell.swift in Sources */,
				64949F3922BA81C900739E59 /* CryptoModel.swift in Sources */,
				64452BBF22B95C96002D0BF1 /* AppDelegate.swift in Sources */,
			);
			runOnlyForDeploymentPostprocessing = 0;
		};
/* End PBXSourcesBuildPhase section */

/* Begin PBXVariantGroup section */
		64452BC722B95C98002D0BF1 /* LaunchScreen.storyboard */ = {
			isa = PBXVariantGroup;
			children = (
				64452BC822B95C98002D0BF1 /* Base */,
			);
			name = LaunchScreen.storyboard;
			sourceTree = "<group>";
		};
/* End PBXVariantGroup section */

/* Begin XCBuildConfiguration section */
		64452BCB22B95C98002D0BF1 /* Debug */ = {
			isa = XCBuildConfiguration;
			buildSettings = {
				ALWAYS_SEARCH_USER_PATHS = NO;
				CLANG_ANALYZER_NONNULL = YES;
				CLANG_ANALYZER_NUMBER_OBJECT_CONVERSION = YES_AGGRESSIVE;
				CLANG_CXX_LANGUAGE_STANDARD = "gnu++14";
				CLANG_CXX_LIBRARY = "libc++";
				CLANG_ENABLE_MODULES = YES;
				CLANG_ENABLE_OBJC_ARC = YES;
				CLANG_ENABLE_OBJC_WEAK = YES;
				CLANG_WARN_BLOCK_CAPTURE_AUTORELEASING = YES;
				CLANG_WARN_BOOL_CONVERSION = YES;
				CLANG_WARN_COMMA = YES;
				CLANG_WARN_CONSTANT_CONVERSION = YES;
				CLANG_WARN_DEPRECATED_OBJC_IMPLEMENTATIONS = YES;
				CLANG_WARN_DIRECT_OBJC_ISA_USAGE = YES_ERROR;
				CLANG_WARN_DOCUMENTATION_COMMENTS = YES;
				CLANG_WARN_EMPTY_BODY = YES;
				CLANG_WARN_ENUM_CONVERSION = YES;
				CLANG_WARN_INFINITE_RECURSION = YES;
				CLANG_WARN_INT_CONVERSION = YES;
				CLANG_WARN_NON_LITERAL_NULL_CONVERSION = YES;
				CLANG_WARN_OBJC_IMPLICIT_RETAIN_SELF = YES;
				CLANG_WARN_OBJC_LITERAL_CONVERSION = YES;
				CLANG_WARN_OBJC_ROOT_CLASS = YES_ERROR;
				CLANG_WARN_RANGE_LOOP_ANALYSIS = YES;
				CLANG_WARN_STRICT_PROTOTYPES = YES;
				CLANG_WARN_SUSPICIOUS_MOVE = YES;
				CLANG_WARN_UNGUARDED_AVAILABILITY = YES_AGGRESSIVE;
				CLANG_WARN_UNREACHABLE_CODE = YES;
				CLANG_WARN__DUPLICATE_METHOD_MATCH = YES;
				CODE_SIGN_IDENTITY = "iPhone Developer";
				COPY_PHASE_STRIP = NO;
				DEBUG_INFORMATION_FORMAT = dwarf;
				ENABLE_STRICT_OBJC_MSGSEND = YES;
				ENABLE_TESTABILITY = YES;
				GCC_C_LANGUAGE_STANDARD = gnu11;
				GCC_DYNAMIC_NO_PIC = NO;
				GCC_NO_COMMON_BLOCKS = YES;
				GCC_OPTIMIZATION_LEVEL = 0;
				GCC_PREPROCESSOR_DEFINITIONS = (
					"DEBUG=1",
					"$(inherited)",
				);
				GCC_WARN_64_TO_32_BIT_CONVERSION = YES;
				GCC_WARN_ABOUT_RETURN_TYPE = YES_ERROR;
				GCC_WARN_UNDECLARED_SELECTOR = YES;
				GCC_WARN_UNINITIALIZED_AUTOS = YES_AGGRESSIVE;
				GCC_WARN_UNUSED_FUNCTION = YES;
				GCC_WARN_UNUSED_VARIABLE = YES;
				IPHONEOS_DEPLOYMENT_TARGET = 12.2;
				MTL_ENABLE_DEBUG_INFO = INCLUDE_SOURCE;
				MTL_FAST_MATH = YES;
				ONLY_ACTIVE_ARCH = YES;
				SDKROOT = iphoneos;
				SWIFT_ACTIVE_COMPILATION_CONDITIONS = DEBUG;
				SWIFT_OPTIMIZATION_LEVEL = "-Onone";
			};
			name = Debug;
		};
		64452BCC22B95C98002D0BF1 /* Release */ = {
			isa = XCBuildConfiguration;
			buildSettings = {
				ALWAYS_SEARCH_USER_PATHS = NO;
				CLANG_ANALYZER_NONNULL = YES;
				CLANG_ANALYZER_NUMBER_OBJECT_CONVERSION = YES_AGGRESSIVE;
				CLANG_CXX_LANGUAGE_STANDARD = "gnu++14";
				CLANG_CXX_LIBRARY = "libc++";
				CLANG_ENABLE_MODULES = YES;
				CLANG_ENABLE_OBJC_ARC = YES;
				CLANG_ENABLE_OBJC_WEAK = YES;
				CLANG_WARN_BLOCK_CAPTURE_AUTORELEASING = YES;
				CLANG_WARN_BOOL_CONVERSION = YES;
				CLANG_WARN_COMMA = YES;
				CLANG_WARN_CONSTANT_CONVERSION = YES;
				CLANG_WARN_DEPRECATED_OBJC_IMPLEMENTATIONS = YES;
				CLANG_WARN_DIRECT_OBJC_ISA_USAGE = YES_ERROR;
				CLANG_WARN_DOCUMENTATION_COMMENTS = YES;
				CLANG_WARN_EMPTY_BODY = YES;
				CLANG_WARN_ENUM_CONVERSION = YES;
				CLANG_WARN_INFINITE_RECURSION = YES;
				CLANG_WARN_INT_CONVERSION = YES;
				CLANG_WARN_NON_LITERAL_NULL_CONVERSION = YES;
				CLANG_WARN_OBJC_IMPLICIT_RETAIN_SELF = YES;
				CLANG_WARN_OBJC_LITERAL_CONVERSION = YES;
				CLANG_WARN_OBJC_ROOT_CLASS = YES_ERROR;
				CLANG_WARN_RANGE_LOOP_ANALYSIS = YES;
				CLANG_WARN_STRICT_PROTOTYPES = YES;
				CLANG_WARN_SUSPICIOUS_MOVE = YES;
				CLANG_WARN_UNGUARDED_AVAILABILITY = YES_AGGRESSIVE;
				CLANG_WARN_UNREACHABLE_CODE = YES;
				CLANG_WARN__DUPLICATE_METHOD_MATCH = YES;
				CODE_SIGN_IDENTITY = "iPhone Developer";
				COPY_PHASE_STRIP = NO;
				DEBUG_INFORMATION_FORMAT = "dwarf-with-dsym";
				ENABLE_NS_ASSERTIONS = NO;
				ENABLE_STRICT_OBJC_MSGSEND = YES;
				GCC_C_LANGUAGE_STANDARD = gnu11;
				GCC_NO_COMMON_BLOCKS = YES;
				GCC_WARN_64_TO_32_BIT_CONVERSION = YES;
				GCC_WARN_ABOUT_RETURN_TYPE = YES_ERROR;
				GCC_WARN_UNDECLARED_SELECTOR = YES;
				GCC_WARN_UNINITIALIZED_AUTOS = YES_AGGRESSIVE;
				GCC_WARN_UNUSED_FUNCTION = YES;
				GCC_WARN_UNUSED_VARIABLE = YES;
				IPHONEOS_DEPLOYMENT_TARGET = 12.2;
				MTL_ENABLE_DEBUG_INFO = NO;
				MTL_FAST_MATH = YES;
				SDKROOT = iphoneos;
				SWIFT_COMPILATION_MODE = wholemodule;
				SWIFT_OPTIMIZATION_LEVEL = "-O";
				VALIDATE_PRODUCT = YES;
			};
			name = Release;
		};
		64452BCE22B95C98002D0BF1 /* Debug */ = {
			isa = XCBuildConfiguration;
			baseConfigurationReference = AFAB97DFAA342E19AA50E5A8 /* Pods-Omni-iOS.debug.xcconfig */;
			buildSettings = {
				ASSETCATALOG_COMPILER_APPICON_NAME = AppIcon;
				CODE_SIGN_STYLE = Automatic;
				DEVELOPMENT_TEAM = AEG979PKVV;
				INFOPLIST_FILE = "Omni-iOS/Info.plist";
				LD_RUNPATH_SEARCH_PATHS = (
					"$(inherited)",
					"@executable_path/Frameworks",
				);
				PRODUCT_BUNDLE_IDENTIFIER = "matic.ios.Omni-iOS";
				PRODUCT_NAME = "$(TARGET_NAME)";
				SWIFT_VERSION = 5.0;
				TARGETED_DEVICE_FAMILY = "1,2";
			};
			name = Debug;
		};
		64452BCF22B95C98002D0BF1 /* Release */ = {
			isa = XCBuildConfiguration;
			baseConfigurationReference = 2098E816F0821AB8F25EDD53 /* Pods-Omni-iOS.release.xcconfig */;
			buildSettings = {
				ASSETCATALOG_COMPILER_APPICON_NAME = AppIcon;
				CODE_SIGN_STYLE = Automatic;
				DEVELOPMENT_TEAM = AEG979PKVV;
				INFOPLIST_FILE = "Omni-iOS/Info.plist";
				LD_RUNPATH_SEARCH_PATHS = (
					"$(inherited)",
					"@executable_path/Frameworks",
				);
				PRODUCT_BUNDLE_IDENTIFIER = "matic.ios.Omni-iOS";
				PRODUCT_NAME = "$(TARGET_NAME)";
				SWIFT_VERSION = 5.0;
				TARGETED_DEVICE_FAMILY = "1,2";
			};
			name = Release;
		};
/* End XCBuildConfiguration section */

/* Begin XCConfigurationList section */
		64452BB622B95C96002D0BF1 /* Build configuration list for PBXProject "Omni-iOS" */ = {
			isa = XCConfigurationList;
			buildConfigurations = (
				64452BCB22B95C98002D0BF1 /* Debug */,
				64452BCC22B95C98002D0BF1 /* Release */,
			);
			defaultConfigurationIsVisible = 0;
			defaultConfigurationName = Release;
		};
		64452BCD22B95C98002D0BF1 /* Build configuration list for PBXNativeTarget "Omni-iOS" */ = {
			isa = XCConfigurationList;
			buildConfigurations = (
				64452BCE22B95C98002D0BF1 /* Debug */,
				64452BCF22B95C98002D0BF1 /* Release */,
			);
			defaultConfigurationIsVisible = 0;
			defaultConfigurationName = Release;
		};
/* End XCConfigurationList section */
	};
	rootObject = 64452BB322B95C96002D0BF1 /* Project object */;
}
